
Microsoft Visual Studio Solution File, Format Version 12.00
# Visual Studio Version 17
VisualStudioVersion = 17.2.32616.157
MinimumVisualStudioVersion = 10.0.40219.1
Project("{FAE04EC0-301F-11D3-BF4B-00C04F79EFBC}") = "MiApi", "MiApi\MiApi.csproj", "{C2D14366-8B67-4C77-8B83-AC8D99547A57}"
EndProject
Global
	GlobalSection(SolutionConfigurationPlatforms) = preSolution
		Debug|Any CPU = Debug|Any CPU
		Release|Any CPU = Release|Any CPU
	EndGlobalSection
	GlobalSection(ProjectConfigurationPlatforms) = postSolution
		{C2D14366-8B67-4C77-8B83-AC8D99547A57}.Debug|Any CPU.ActiveCfg = Debug|Any CPU
		{C2D14366-8B67-4C77-8B83-AC8D99547A57}.Debug|Any CPU.Build.0 = Debug|Any CPU
		{C2D14366-8B67-4C77-8B83-AC8D99547A57}.Release|Any CPU.ActiveCfg = Release|Any CPU
		{C2D14366-8B67-4C77-8B83-AC8D99547A57}.Release|Any CPU.Build.0 = Release|Any CPU
	EndGlobalSection
	GlobalSection(SolutionProperties) = preSolution
		HideSolutionNode = FALSE
	EndGlobalSection
	GlobalSection(ExtensibilityGlobals) = postSolution
		SolutionGuid = {AC35A716-6B20-467D-A0A0-C29F4926638D}
	EndGlobalSection
EndGlobal
